
Microsoft Visual Studio Solution File, Format Version 12.00
# Visual Studio Version 16
VisualStudioVersion = 16.0.33529.622
MinimumVisualStudioVersion = 10.0.40219.1
Project("{FAE04EC0-301F-11D3-BF4B-00C04F79EFBC}") = "AlbumMaker", "AlbumMaker.csproj", "{780A188D-F943-4E45-8B77-FA9FA41ACB69}"
EndProject
Global
	GlobalSection(SolutionConfigurationPlatforms) = preSolution
		Debug|Any CPU = Debug|Any CPU
		Release|Any CPU = Release|Any CPU
	EndGlobalSection
	GlobalSection(ProjectConfigurationPlatforms) = postSolution
		{780A188D-F943-4E45-8B77-FA9FA41ACB69}.Debug|Any CPU.ActiveCfg = Debug|Any CPU
		{780A188D-F943-4E45-8B77-FA9FA41ACB69}.Debug|Any CPU.Build.0 = Debug|Any CPU
		{780A188D-F943-4E45-8B77-FA9FA41ACB69}.Release|Any CPU.ActiveCfg = Release|Any CPU
		{780A188D-F943-4E45-8B77-FA9FA41ACB69}.Release|Any CPU.Build.0 = Release|Any CPU
	EndGlobalSection
	GlobalSection(SolutionProperties) = preSolution
		HideSolutionNode = FALSE
	EndGlobalSection
	GlobalSection(ExtensibilityGlobals) = postSolution
		SolutionGuid = {A0E2AC5D-B2CD-4FC2-86F8-6DA0DD9C31CD}
	EndGlobalSection
EndGlobal
